<?xml version="1.0" encoding="utf-8"?>
<Project ToolsVersion="4.0" xmlns="http://schemas.microsoft.com/developer/msbuild/2003">
  <ItemGroup>
    <Filter Include="Source Files">
      <UniqueIdentifier>{4FC737F1-C7A5-4376-A066-2A32D752A2FF}</UniqueIdentifier>
      <Extensions>cpp;c;cc;cxx;def;odl;idl;hpj;bat;asm;asmx</Extensions>
    </Filter>
    <Filter Include="Header Files">
      <UniqueIdentifier>{93995380-89BD-4b04-88EB-625FBE52EBFB}</UniqueIdentifier>
      <Extensions>h;hh;hpp;hxx;hm;inl;inc;xsd</Extensions>
    </Filter>
    <Filter Include="Resource Files">
      <UniqueIdentifier>{67DA6AB6-F800-4c08-8B7A-83BB121AAD01}</UniqueIdentifier>
      <Extensions>qrc;rc;ico;cur;bmp;dlg;rc2;rct;bin;rgs;gif;jpg;jpeg;jpe;resx;tiff;tif;png;wav;mfcribbon-ms</Extensions>
    </Filter>
    <Filter Include="Form Files">
      <UniqueIdentifier>{99349809-55BA-4b9d-BF79-8FDBB0286EB3}</UniqueIdentifier>
      <Extensions>ui</Extensions>
    </Filter>
    <Filter Include="Translation Files">
      <UniqueIdentifier>{639EADAA-A684-42e4-A9AD-28FC9BCB8F7C}</UniqueIdentifier>
      <Extensions>ts</Extensions>
    </Filter>
  </ItemGroup>
  <ItemGroup>
    <QtRcc Include="logindialog.qrc">
      <Filter>Resource Files</Filter>
    </QtRcc>
    <QtUic Include="logindialog.ui">
      <Filter>Form Files</Filter>
    </QtUic>
    <QtMoc Include="logindialog.h">
      <Filter>Header Files</Filter>
    </QtMoc>
    <ClCompile Include="logindialog.cpp">
      <Filter>Source Files</Filter>
    </ClCompile>
  </ItemGroup>
  <ItemGroup>
    <ClCompile Include="main.cpp">
      <Filter>Source Files</Filter>
    </ClCompile>
    <ClCompile Include="traderapi.cpp">
      <Filter>Source Files</Filter>
    </ClCompile>
    <ClCompile Include="traderspi.cpp">
      <Filter>Source Files</Filter>
    </ClCompile>
    <ClCompile Include="loginmain.cpp">
      <Filter>Source Files</Filter>
    </ClCompile>
    <ClCompile Include="mdquota.cpp">
      <Filter>Source Files</Filter>
    </ClCompile>
    <ClCompile Include="mdspi.cpp">
      <Filter>Source Files</Filter>
    </ClCompile>
    <ClCompile Include="mdapi.cpp">
      <Filter>Source Files</Filter>
    </ClCompile>
    <ClCompile Include="quotalist.cpp">
      <Filter>Source Files</Filter>
    </ClCompile>
    <ClCompile Include="test1.cpp">
      <Filter>Source Files</Filter>
    </ClCompile>
    <ClCompile Include="test2.cpp">
      <Filter>Source Files</Filter>
    </ClCompile>
    <ClCompile Include="test3.cpp">
      <Filter>Source Files</Filter>
    </ClCompile>
    <ClCompile Include="dataload.cpp">
      <Filter>Source Files</Filter>
    </ClCompile>
  </ItemGroup>
  <ItemGroup>
    <ClInclude Include="traderapi.h">
      <Filter>Header Files</Filter>
    </ClInclude>
    <ClInclude Include="traderspi.h">
      <Filter>Header Files</Filter>
    </ClInclude>
    <ClInclude Include="main.h">
      <Filter>Header Files</Filter>
    </ClInclude>
    <ClInclude Include="x64\Debug\uic\ui_loginmain.h">
      <Filter>Source Files</Filter>
    </ClInclude>
    <ClInclude Include="mdapi.h">
      <Filter>Header Files</Filter>
    </ClInclude>
    <ClInclude Include="mdspi.h">
      <Filter>Header Files</Filter>
    </ClInclude>
    <ClInclude Include="x64\Debug\uic\ui_test1.h">
      <Filter>Header Files</Filter>
    </ClInclude>
    <ClInclude Include="x64\Debug\uic\ui_test2.h">
      <Filter>Header Files</Filter>
    </ClInclude>
    <ClInclude Include="x64\Debug\uic\ui_test3.h">
      <Filter>Header Files</Filter>
    </ClInclude>
    <ClInclude Include="x64\Release\uic\ui_mdquota.h">
      <Filter>Header Files</Filter>
    </ClInclude>
    <ClInclude Include="ThostFtdcMdApi.h">
      <Filter>Header Files</Filter>
    </ClInclude>
    <ClInclude Include="ThostFtdcTraderApi.h">
      <Filter>Header Files</Filter>
    </ClInclude>
    <ClInclude Include="ThostFtdcUserApiDataType.h">
      <Filter>Header Files</Filter>
    </ClInclude>
    <ClInclude Include="ThostFtdcUserApiStruct.h">
      <Filter>Header Files</Filter>
    </ClInclude>
  </ItemGroup>
  <ItemGroup>
    <QtMoc Include="loginmain.h">
      <Filter>Header Files</Filter>
    </QtMoc>
    <QtMoc Include="mdquota.h">
      <Filter>Header Files</Filter>
    </QtMoc>
    <QtMoc Include="quotalist.h">
      <Filter>Header Files</Filter>
    </QtMoc>
    <QtMoc Include="test1.h">
      <Filter>Header Files</Filter>
    </QtMoc>
    <QtMoc Include="test2.h">
      <Filter>Header Files</Filter>
    </QtMoc>
    <QtMoc Include="test3.h">
      <Filter>Header Files</Filter>
    </QtMoc>
    <QtMoc Include="dataload.h">
      <Filter>Header Files</Filter>
    </QtMoc>
  </ItemGroup>
  <ItemGroup>
    <QtUic Include="loginmain.ui">
      <Filter>Form Files</Filter>
    </QtUic>
    <QtUic Include="mdquota.ui">
      <Filter>Form Files</Filter>
    </QtUic>
    <QtUic Include="quotalist.ui">
      <Filter>Form Files</Filter>
    </QtUic>
    <QtUic Include="test1.ui">
      <Filter>Form Files</Filter>
    </QtUic>
    <QtUic Include="test2.ui">
      <Filter>Form Files</Filter>
    </QtUic>
    <QtUic Include="test3.ui">
      <Filter>Form Files</Filter>
    </QtUic>
    <QtUic Include="dataload.ui">
      <Filter>Form Files</Filter>
    </QtUic>
  </ItemGroup>
</Project>